
Microsoft Visual Studio Solution File, Format Version 12.00
# Visual Studio Version 17
VisualStudioVersion = 17.13.35919.96 d17.13
MinimumVisualStudioVersion = 10.0.40219.1
Project("{FAE04EC0-301F-11D3-BF4B-00C04F79EFBC}") = "FleetManagement", "FleetManagement\FleetManagement.csproj", "{015AEAFD-5180-4245-A716-EC29C4143497}"
EndProject
Global
	GlobalSection(SolutionConfigurationPlatforms) = preSolution
		Debug|Any CPU = Debug|Any CPU
		Release|Any CPU = Release|Any CPU
	EndGlobalSection
	GlobalSection(ProjectConfigurationPlatforms) = postSolution
		{015AEAFD-5180-4245-A716-EC29C4143497}.Debug|Any CPU.ActiveCfg = Debug|Any CPU
		{015AEAFD-5180-4245-A716-EC29C4143497}.Debug|Any CPU.Build.0 = Debug|Any CPU
		{015AEAFD-5180-4245-A716-EC29C4143497}.Release|Any CPU.ActiveCfg = Release|Any CPU
		{015AEAFD-5180-4245-A716-EC29C4143497}.Release|Any CPU.Build.0 = Release|Any CPU
	EndGlobalSection
	GlobalSection(SolutionProperties) = preSolution
		HideSolutionNode = FALSE
	EndGlobalSection
	GlobalSection(ExtensibilityGlobals) = postSolution
		SolutionGuid = {212BC7E7-0004-4B2E-BFFD-B0C91F7FE4B1}
	EndGlobalSection
EndGlobal
